
Microsoft Visual Studio Solution File, Format Version 12.00
# Visual Studio Version 16
VisualStudioVersion = 16.0.30804.86
MinimumVisualStudioVersion = 10.0.40219.1
Project("{FAE04EC0-301F-11D3-BF4B-00C04F79EFBC}") = "Test.StartupAnimation", "Test.StartupAnimation\Test.StartupAnimation\Test.StartupAnimation.csproj", "{34B62C62-4A46-490F-B02A-A4D4940CEFDE}"
EndProject
Project("{FAE04EC0-301F-11D3-BF4B-00C04F79EFBC}") = "Test.StartupAnimation.Android", "Test.StartupAnimation\Test.StartupAnimation.Android\Test.StartupAnimation.Android.csproj", "{3AEBF157-4240-46DC-8282-B6BBEBEB16DC}"
EndProject
Project("{FAE04EC0-301F-11D3-BF4B-00C04F79EFBC}") = "Test.StartupAnimation.iOS", "Test.StartupAnimation\Test.StartupAnimation.iOS\Test.StartupAnimation.iOS.csproj", "{061E86A6-2C5E-44CC-A4C8-51AB56E7FDAA}"
EndProject
Project("{FAE04EC0-301F-11D3-BF4B-00C04F79EFBC}") = "Test.StartupAnimation.UWP", "Test.StartupAnimation\Test.StartupAnimation.UWP\Test.StartupAnimation.UWP.csproj", "{D608DE7E-95A0-4866-B701-105DA71F7115}"
EndProject
Project("{2150E333-8FDC-42A3-9474-1A3956D46DE8}") = "Solution Items", "Solution Items", "{67484E03-90F0-4A8F-B0B7-735BA59CBF16}"
	ProjectSection(SolutionItems) = preProject
		.editorconfig = .editorconfig
		CodeMaid.config = CodeMaid.config
		Settings.XamlStyler = Settings.XamlStyler
		stylecop.json = stylecop.json
		stylecop.ruleset = stylecop.ruleset
	EndProjectSection
EndProject
Global
	GlobalSection(SolutionConfigurationPlatforms) = preSolution
		Ad-Hoc|Any CPU = Ad-Hoc|Any CPU
		Ad-Hoc|ARM = Ad-Hoc|ARM
		Ad-Hoc|iPhone = Ad-Hoc|iPhone
		Ad-Hoc|iPhoneSimulator = Ad-Hoc|iPhoneSimulator
		Ad-Hoc|x64 = Ad-Hoc|x64
		Ad-Hoc|x86 = Ad-Hoc|x86
		AppStore|Any CPU = AppStore|Any CPU
		AppStore|ARM = AppStore|ARM
		AppStore|iPhone = AppStore|iPhone
		AppStore|iPhoneSimulator = AppStore|iPhoneSimulator
		AppStore|x64 = AppStore|x64
		AppStore|x86 = AppStore|x86
		Debug|Any CPU = Debug|Any CPU
		Debug|ARM = Debug|ARM
		Debug|iPhone = Debug|iPhone
		Debug|iPhoneSimulator = Debug|iPhoneSimulator
		Debug|x64 = Debug|x64
		Debug|x86 = Debug|x86
		Release|Any CPU = Release|Any CPU
		Release|ARM = Release|ARM
		Release|iPhone = Release|iPhone
		Release|iPhoneSimulator = Release|iPhoneSimulator
		Release|x64 = Release|x64
		Release|x86 = Release|x86
	EndGlobalSection
	GlobalSection(ProjectConfigurationPlatforms) = postSolution
		{34B62C62-4A46-490F-B02A-A4D4940CEFDE}.Ad-Hoc|Any CPU.ActiveCfg = Debug|Any CPU
		{34B62C62-4A46-490F-B02A-A4D4940CEFDE}.Ad-Hoc|Any CPU.Build.0 = Debug|Any CPU
		{34B62C62-4A46-490F-B02A-A4D4940CEFDE}.Ad-Hoc|ARM.ActiveCfg = Debug|Any CPU
		{34B62C62-4A46-490F-B02A-A4D4940CEFDE}.Ad-Hoc|ARM.Build.0 = Debug|Any CPU
		{34B62C62-4A46-490F-B02A-A4D4940CEFDE}.Ad-Hoc|iPhone.ActiveCfg = Debug|Any CPU
		{34B62C62-4A46-490F-B02A-A4D4940CEFDE}.Ad-Hoc|iPhone.Build.0 = Debug|Any CPU
		{34B62C62-4A46-490F-B02A-A4D4940CEFDE}.Ad-Hoc|iPhoneSimulator.ActiveCfg = Debug|Any CPU
		{34B62C62-4A46-490F-B02A-A4D4940CEFDE}.Ad-Hoc|iPhoneSimulator.Build.0 = Debug|Any CPU
		{34B62C62-4A46-490F-B02A-A4D4940CEFDE}.Ad-Hoc|x64.ActiveCfg = Debug|Any CPU
		{34B62C62-4A46-490F-B02A-A4D4940CEFDE}.Ad-Hoc|x64.Build.0 = Debug|Any CPU
		{34B62C62-4A46-490F-B02A-A4D4940CEFDE}.Ad-Hoc|x86.ActiveCfg = Debug|Any CPU
		{34B62C62-4A46-490F-B02A-A4D4940CEFDE}.Ad-Hoc|x86.Build.0 = Debug|Any CPU
		{34B62C62-4A46-490F-B02A-A4D4940CEFDE}.AppStore|Any CPU.ActiveCfg = Debug|Any CPU
		{34B62C62-4A46-490F-B02A-A4D4940CEFDE}.AppStore|Any CPU.Build.0 = Debug|Any CPU
		{34B62C62-4A46-490F-B02A-A4D4940CEFDE}.AppStore|ARM.ActiveCfg = Debug|Any CPU
		{34B62C62-4A46-490F-B02A-A4D4940CEFDE}.AppStore|ARM.Build.0 = Debug|Any CPU
		{34B62C62-4A46-490F-B02A-A4D4940CEFDE}.AppStore|iPhone.ActiveCfg = Debug|Any CPU
		{34B62C62-4A46-490F-B02A-A4D4940CEFDE}.AppStore|iPhone.Build.0 = Debug|Any CPU
		{34B62C62-4A46-490F-B02A-A4D4940CEFDE}.AppStore|iPhoneSimulator.ActiveCfg = Debug|Any CPU
		{34B62C62-4A46-490F-B02A-A4D4940CEFDE}.AppStore|iPhoneSimulator.Build.0 = Debug|Any CPU
		{34B62C62-4A46-490F-B02A-A4D4940CEFDE}.AppStore|x64.ActiveCfg = Debug|Any CPU
		{34B62C62-4A46-490F-B02A-A4D4940CEFDE}.AppStore|x64.Build.0 = Debug|Any CPU
		{34B62C62-4A46-490F-B02A-A4D4940CEFDE}.AppStore|x86.ActiveCfg = Debug|Any CPU
		{34B62C62-4A46-490F-B02A-A4D4940CEFDE}.AppStore|x86.Build.0 = Debug|Any CPU
		{34B62C62-4A46-490F-B02A-A4D4940CEFDE}.Debug|Any CPU.ActiveCfg = Debug|Any CPU
		{34B62C62-4A46-490F-B02A-A4D4940CEFDE}.Debug|Any CPU.Build.0 = Debug|Any CPU
		{34B62C62-4A46-490F-B02A-A4D4940CEFDE}.Debug|ARM.ActiveCfg = Debug|Any CPU
		{34B62C62-4A46-490F-B02A-A4D4940CEFDE}.Debug|ARM.Build.0 = Debug|Any CPU
		{34B62C62-4A46-490F-B02A-A4D4940CEFDE}.Debug|iPhone.ActiveCfg = Debug|Any CPU
		{34B62C62-4A46-490F-B02A-A4D4940CEFDE}.Debug|iPhone.Build.0 = Debug|Any CPU
		{34B62C62-4A46-490F-B02A-A4D4940CEFDE}.Debug|iPhoneSimulator.ActiveCfg = Debug|Any CPU
		{34B62C62-4A46-490F-B02A-A4D4940CEFDE}.Debug|iPhoneSimulator.Build.0 = Debug|Any CPU
		{34B62C62-4A46-490F-B02A-A4D4940CEFDE}.Debug|x64.ActiveCfg = Debug|Any CPU
		{34B62C62-4A46-490F-B02A-A4D4940CEFDE}.Debug|x64.Build.0 = Debug|Any CPU
		{34B62C62-4A46-490F-B02A-A4D4940CEFDE}.Debug|x86.ActiveCfg = Debug|Any CPU
		{34B62C62-4A46-490F-B02A-A4D4940CEFDE}.Debug|x86.Build.0 = Debug|Any CPU
		{34B62C62-4A46-490F-B02A-A4D4940CEFDE}.Release|Any CPU.ActiveCfg = Release|Any CPU
		{34B62C62-4A46-490F-B02A-A4D4940CEFDE}.Release|Any CPU.Build.0 = Release|Any CPU
		{34B62C62-4A46-490F-B02A-A4D4940CEFDE}.Release|ARM.ActiveCfg = Release|Any CPU
		{34B62C62-4A46-490F-B02A-A4D4940CEFDE}.Release|ARM.Build.0 = Release|Any CPU
		{34B62C62-4A46-490F-B02A-A4D4940CEFDE}.Release|iPhone.ActiveCfg = Release|Any CPU
		{34B62C62-4A46-490F-B02A-A4D4940CEFDE}.Release|iPhone.Build.0 = Release|Any CPU
		{34B62C62-4A46-490F-B02A-A4D4940CEFDE}.Release|iPhoneSimulator.ActiveCfg = Release|Any CPU
		{34B62C62-4A46-490F-B02A-A4D4940CEFDE}.Release|iPhoneSimulator.Build.0 = Release|Any CPU
		{34B62C62-4A46-490F-B02A-A4D4940CEFDE}.Release|x64.ActiveCfg = Release|Any CPU
		{34B62C62-4A46-490F-B02A-A4D4940CEFDE}.Release|x64.Build.0 = Release|Any CPU
		{34B62C62-4A46-490F-B02A-A4D4940CEFDE}.Release|x86.ActiveCfg = Release|Any CPU
		{34B62C62-4A46-490F-B02A-A4D4940CEFDE}.Release|x86.Build.0 = Release|Any CPU
		{3AEBF157-4240-46DC-8282-B6BBEBEB16DC}.Ad-Hoc|Any CPU.ActiveCfg = Debug|Any CPU
		{3AEBF157-4240-46DC-8282-B6BBEBEB16DC}.Ad-Hoc|Any CPU.Build.0 = Debug|Any CPU
		{3AEBF157-4240-46DC-8282-B6BBEBEB16DC}.Ad-Hoc|Any CPU.Deploy.0 = Debug|Any CPU
		{3AEBF157-4240-46DC-8282-B6BBEBEB16DC}.Ad-Hoc|ARM.ActiveCfg = Debug|Any CPU
		{3AEBF157-4240-46DC-8282-B6BBEBEB16DC}.Ad-Hoc|ARM.Build.0 = Debug|Any CPU
		{3AEBF157-4240-46DC-8282-B6BBEBEB16DC}.Ad-Hoc|ARM.Deploy.0 = Debug|Any CPU
		{3AEBF157-4240-46DC-8282-B6BBEBEB16DC}.Ad-Hoc|iPhone.ActiveCfg = Debug|Any CPU
		{3AEBF157-4240-46DC-8282-B6BBEBEB16DC}.Ad-Hoc|iPhone.Build.0 = Debug|Any CPU
		{3AEBF157-4240-46DC-8282-B6BBEBEB16DC}.Ad-Hoc|iPhone.Deploy.0 = Debug|Any CPU
		{3AEBF157-4240-46DC-8282-B6BBEBEB16DC}.Ad-Hoc|iPhoneSimulator.ActiveCfg = Debug|Any CPU
		{3AEBF157-4240-46DC-8282-B6BBEBEB16DC}.Ad-Hoc|iPhoneSimulator.Build.0 = Debug|Any CPU
		{3AEBF157-4240-46DC-8282-B6BBEBEB16DC}.Ad-Hoc|iPhoneSimulator.Deploy.0 = Debug|Any CPU
		{3AEBF157-4240-46DC-8282-B6BBEBEB16DC}.Ad-Hoc|x64.ActiveCfg = Debug|Any CPU
		{3AEBF157-4240-46DC-8282-B6BBEBEB16DC}.Ad-Hoc|x64.Build.0 = Debug|Any CPU
		{3AEBF157-4240-46DC-8282-B6BBEBEB16DC}.Ad-Hoc|x64.Deploy.0 = Debug|Any CPU
		{3AEBF157-4240-46DC-8282-B6BBEBEB16DC}.Ad-Hoc|x86.ActiveCfg = Debug|Any CPU
		{3AEBF157-4240-46DC-8282-B6BBEBEB16DC}.Ad-Hoc|x86.Build.0 = Debug|Any CPU
		{3AEBF157-4240-46DC-8282-B6BBEBEB16DC}.Ad-Hoc|x86.Deploy.0 = Debug|Any CPU
		{3AEBF157-4240-46DC-8282-B6BBEBEB16DC}.AppStore|Any CPU.ActiveCfg = Debug|Any CPU
		{3AEBF157-4240-46DC-8282-B6BBEBEB16DC}.AppStore|Any CPU.Build.0 = Debug|Any CPU
		{3AEBF157-4240-46DC-8282-B6BBEBEB16DC}.AppStore|Any CPU.Deploy.0 = Debug|Any CPU
		{3AEBF157-4240-46DC-8282-B6BBEBEB16DC}.AppStore|ARM.ActiveCfg = Debug|Any CPU
		{3AEBF157-4240-46DC-8282-B6BBEBEB16DC}.AppStore|ARM.Build.0 = Debug|Any CPU
		{3AEBF157-4240-46DC-8282-B6BBEBEB16DC}.AppStore|ARM.Deploy.0 = Debug|Any CPU
		{3AEBF157-4240-46DC-8282-B6BBEBEB16DC}.AppStore|iPhone.ActiveCfg = Debug|Any CPU
		{3AEBF157-4240-46DC-8282-B6BBEBEB16DC}.AppStore|iPhone.Build.0 = Debug|Any CPU
		{3AEBF157-4240-46DC-8282-B6BBEBEB16DC}.AppStore|iPhone.Deploy.0 = Debug|Any CPU
		{3AEBF157-4240-46DC-8282-B6BBEBEB16DC}.AppStore|iPhoneSimulator.ActiveCfg = Debug|Any CPU
		{3AEBF157-4240-46DC-8282-B6BBEBEB16DC}.AppStore|iPhoneSimulator.Build.0 = Debug|Any CPU
		{3AEBF157-4240-46DC-8282-B6BBEBEB16DC}.AppStore|iPhoneSimulator.Deploy.0 = Debug|Any CPU
		{3AEBF157-4240-46DC-8282-B6BBEBEB16DC}.AppStore|x64.ActiveCfg = Debug|Any CPU
		{3AEBF157-4240-46DC-8282-B6BBEBEB16DC}.AppStore|x64.Build.0 = Debug|Any CPU
		{3AEBF157-4240-46DC-8282-B6BBEBEB16DC}.AppStore|x64.Deploy.0 = Debug|Any CPU
		{3AEBF157-4240-46DC-8282-B6BBEBEB16DC}.AppStore|x86.ActiveCfg = Debug|Any CPU
		{3AEBF157-4240-46DC-8282-B6BBEBEB16DC}.AppStore|x86.Build.0 = Debug|Any CPU
		{3AEBF157-4240-46DC-8282-B6BBEBEB16DC}.AppStore|x86.Deploy.0 = Debug|Any CPU
		{3AEBF157-4240-46DC-8282-B6BBEBEB16DC}.Debug|Any CPU.ActiveCfg = Debug|Any CPU
		{3AEBF157-4240-46DC-8282-B6BBEBEB16DC}.Debug|Any CPU.Build.0 = Debug|Any CPU
		{3AEBF157-4240-46DC-8282-B6BBEBEB16DC}.Debug|Any CPU.Deploy.0 = Debug|Any CPU
		{3AEBF157-4240-46DC-8282-B6BBEBEB16DC}.Debug|ARM.ActiveCfg = Debug|Any CPU
		{3AEBF157-4240-46DC-8282-B6BBEBEB16DC}.Debug|ARM.Build.0 = Debug|Any CPU
		{3AEBF157-4240-46DC-8282-B6BBEBEB16DC}.Debug|ARM.Deploy.0 = Debug|Any CPU
		{3AEBF157-4240-46DC-8282-B6BBEBEB16DC}.Debug|iPhone.ActiveCfg = Debug|Any CPU
		{3AEBF157-4240-46DC-8282-B6BBEBEB16DC}.Debug|iPhone.Build.0 = Debug|Any CPU
		{3AEBF157-4240-46DC-8282-B6BBEBEB16DC}.Debug|iPhone.Deploy.0 = Debug|Any CPU
		{3AEBF157-4240-46DC-8282-B6BBEBEB16DC}.Debug|iPhoneSimulator.ActiveCfg = Debug|Any CPU
		{3AEBF157-4240-46DC-8282-B6BBEBEB16DC}.Debug|iPhoneSimulator.Build.0 = Debug|Any CPU
		{3AEBF157-4240-46DC-8282-B6BBEBEB16DC}.Debug|iPhoneSimulator.Deploy.0 = Debug|Any CPU
		{3AEBF157-4240-46DC-8282-B6BBEBEB16DC}.Debug|x64.ActiveCfg = Debug|Any CPU
		{3AEBF157-4240-46DC-8282-B6BBEBEB16DC}.Debug|x64.Build.0 = Debug|Any CPU
		{3AEBF157-4240-46DC-8282-B6BBEBEB16DC}.Debug|x64.Deploy.0 = Debug|Any CPU
		{3AEBF157-4240-46DC-8282-B6BBEBEB16DC}.Debug|x86.ActiveCfg = Debug|Any CPU
		{3AEBF157-4240-46DC-8282-B6BBEBEB16DC}.Debug|x86.Build.0 = Debug|Any CPU
		{3AEBF157-4240-46DC-8282-B6BBEBEB16DC}.Debug|x86.Deploy.0 = Debug|Any CPU
		{3AEBF157-4240-46DC-8282-B6BBEBEB16DC}.Release|Any CPU.ActiveCfg = Release|Any CPU
		{3AEBF157-4240-46DC-8282-B6BBEBEB16DC}.Release|Any CPU.Build.0 = Release|Any CPU
		{3AEBF157-4240-46DC-8282-B6BBEBEB16DC}.Release|Any CPU.Deploy.0 = Release|Any CPU
		{3AEBF157-4240-46DC-8282-B6BBEBEB16DC}.Release|ARM.ActiveCfg = Release|Any CPU
		{3AEBF157-4240-46DC-8282-B6BBEBEB16DC}.Release|ARM.Build.0 = Release|Any CPU
		{3AEBF157-4240-46DC-8282-B6BBEBEB16DC}.Release|ARM.Deploy.0 = Release|Any CPU
		{3AEBF157-4240-46DC-8282-B6BBEBEB16DC}.Release|iPhone.ActiveCfg = Release|Any CPU
		{3AEBF157-4240-46DC-8282-B6BBEBEB16DC}.Release|iPhone.Build.0 = Release|Any CPU
		{3AEBF157-4240-46DC-8282-B6BBEBEB16DC}.Release|iPhone.Deploy.0 = Release|Any CPU
		{3AEBF157-4240-46DC-8282-B6BBEBEB16DC}.Release|iPhoneSimulator.ActiveCfg = Release|Any CPU
		{3AEBF157-4240-46DC-8282-B6BBEBEB16DC}.Release|iPhoneSimulator.Build.0 = Release|Any CPU
		{3AEBF157-4240-46DC-8282-B6BBEBEB16DC}.Release|iPhoneSimulator.Deploy.0 = Release|Any CPU
		{3AEBF157-4240-46DC-8282-B6BBEBEB16DC}.Release|x64.ActiveCfg = Release|Any CPU
		{3AEBF157-4240-46DC-8282-B6BBEBEB16DC}.Release|x64.Build.0 = Release|Any CPU
		{3AEBF157-4240-46DC-8282-B6BBEBEB16DC}.Release|x64.Deploy.0 = Release|Any CPU
		{3AEBF157-4240-46DC-8282-B6BBEBEB16DC}.Release|x86.ActiveCfg = Release|Any CPU
		{3AEBF157-4240-46DC-8282-B6BBEBEB16DC}.Release|x86.Build.0 = Release|Any CPU
		{3AEBF157-4240-46DC-8282-B6BBEBEB16DC}.Release|x86.Deploy.0 = Release|Any CPU
		{061E86A6-2C5E-44CC-A4C8-51AB56E7FDAA}.Ad-Hoc|Any CPU.ActiveCfg = Ad-Hoc|iPhoneSimulator
		{061E86A6-2C5E-44CC-A4C8-51AB56E7FDAA}.Ad-Hoc|ARM.ActiveCfg = Ad-Hoc|iPhoneSimulator
		{061E86A6-2C5E-44CC-A4C8-51AB56E7FDAA}.Ad-Hoc|iPhone.ActiveCfg = Ad-Hoc|iPhone
		{061E86A6-2C5E-44CC-A4C8-51AB56E7FDAA}.Ad-Hoc|iPhone.Build.0 = Ad-Hoc|iPhone
		{061E86A6-2C5E-44CC-A4C8-51AB56E7FDAA}.Ad-Hoc|iPhoneSimulator.ActiveCfg = Ad-Hoc|iPhoneSimulator
		{061E86A6-2C5E-44CC-A4C8-51AB56E7FDAA}.Ad-Hoc|iPhoneSimulator.Build.0 = Ad-Hoc|iPhoneSimulator
		{061E86A6-2C5E-44CC-A4C8-51AB56E7FDAA}.Ad-Hoc|x64.ActiveCfg = Ad-Hoc|iPhoneSimulator
		{061E86A6-2C5E-44CC-A4C8-51AB56E7FDAA}.Ad-Hoc|x86.ActiveCfg = Ad-Hoc|iPhoneSimulator
		{061E86A6-2C5E-44CC-A4C8-51AB56E7FDAA}.AppStore|Any CPU.ActiveCfg = AppStore|iPhoneSimulator
		{061E86A6-2C5E-44CC-A4C8-51AB56E7FDAA}.AppStore|ARM.ActiveCfg = AppStore|iPhoneSimulator
		{061E86A6-2C5E-44CC-A4C8-51AB56E7FDAA}.AppStore|iPhone.ActiveCfg = AppStore|iPhone
		{061E86A6-2C5E-44CC-A4C8-51AB56E7FDAA}.AppStore|iPhone.Build.0 = AppStore|iPhone
		{061E86A6-2C5E-44CC-A4C8-51AB56E7FDAA}.AppStore|iPhoneSimulator.ActiveCfg = AppStore|iPhoneSimulator
		{061E86A6-2C5E-44CC-A4C8-51AB56E7FDAA}.AppStore|iPhoneSimulator.Build.0 = AppStore|iPhoneSimulator
		{061E86A6-2C5E-44CC-A4C8-51AB56E7FDAA}.AppStore|x64.ActiveCfg = AppStore|iPhoneSimulator
		{061E86A6-2C5E-44CC-A4C8-51AB56E7FDAA}.AppStore|x86.ActiveCfg = AppStore|iPhoneSimulator
		{061E86A6-2C5E-44CC-A4C8-51AB56E7FDAA}.Debug|Any CPU.ActiveCfg = Debug|iPhoneSimulator
		{061E86A6-2C5E-44CC-A4C8-51AB56E7FDAA}.Debug|ARM.ActiveCfg = Debug|iPhoneSimulator
		{061E86A6-2C5E-44CC-A4C8-51AB56E7FDAA}.Debug|iPhone.ActiveCfg = Debug|iPhone
		{061E86A6-2C5E-44CC-A4C8-51AB56E7FDAA}.Debug|iPhone.Build.0 = Debug|iPhone
		{061E86A6-2C5E-44CC-A4C8-51AB56E7FDAA}.Debug|iPhoneSimulator.ActiveCfg = Debug|iPhoneSimulator
		{061E86A6-2C5E-44CC-A4C8-51AB56E7FDAA}.Debug|iPhoneSimulator.Build.0 = Debug|iPhoneSimulator
		{061E86A6-2C5E-44CC-A4C8-51AB56E7FDAA}.Debug|x64.ActiveCfg = Debug|iPhoneSimulator
		{061E86A6-2C5E-44CC-A4C8-51AB56E7FDAA}.Debug|x86.ActiveCfg = Debug|iPhoneSimulator
		{061E86A6-2C5E-44CC-A4C8-51AB56E7FDAA}.Release|Any CPU.ActiveCfg = Release|iPhoneSimulator
		{061E86A6-2C5E-44CC-A4C8-51AB56E7FDAA}.Release|ARM.ActiveCfg = Release|iPhoneSimulator
		{061E86A6-2C5E-44CC-A4C8-51AB56E7FDAA}.Release|iPhone.ActiveCfg = Release|iPhone
		{061E86A6-2C5E-44CC-A4C8-51AB56E7FDAA}.Release|iPhone.Build.0 = Release|iPhone
		{061E86A6-2C5E-44CC-A4C8-51AB56E7FDAA}.Release|iPhoneSimulator.ActiveCfg = Release|iPhoneSimulator
		{061E86A6-2C5E-44CC-A4C8-51AB56E7FDAA}.Release|iPhoneSimulator.Build.0 = Release|iPhoneSimulator
		{061E86A6-2C5E-44CC-A4C8-51AB56E7FDAA}.Release|x64.ActiveCfg = Release|iPhoneSimulator
		{061E86A6-2C5E-44CC-A4C8-51AB56E7FDAA}.Release|x86.ActiveCfg = Release|iPhoneSimulator
		{D608DE7E-95A0-4866-B701-105DA71F7115}.Ad-Hoc|Any CPU.ActiveCfg = Debug|ARM
		{D608DE7E-95A0-4866-B701-105DA71F7115}.Ad-Hoc|Any CPU.Build.0 = Debug|ARM
		{D608DE7E-95A0-4866-B701-105DA71F7115}.Ad-Hoc|Any CPU.Deploy.0 = Debug|ARM
		{D608DE7E-95A0-4866-B701-105DA71F7115}.Ad-Hoc|ARM.ActiveCfg = Debug|ARM
		{D608DE7E-95A0-4866-B701-105DA71F7115}.Ad-Hoc|ARM.Build.0 = Debug|ARM
		{D608DE7E-95A0-4866-B701-105DA71F7115}.Ad-Hoc|ARM.Deploy.0 = Debug|ARM
		{D608DE7E-95A0-4866-B701-105DA71F7115}.Ad-Hoc|iPhone.ActiveCfg = Debug|ARM
		{D608DE7E-95A0-4866-B701-105DA71F7115}.Ad-Hoc|iPhone.Build.0 = Debug|ARM
		{D608DE7E-95A0-4866-B701-105DA71F7115}.Ad-Hoc|iPhone.Deploy.0 = Debug|ARM
		{D608DE7E-95A0-4866-B701-105DA71F7115}.Ad-Hoc|iPhoneSimulator.ActiveCfg = Debug|ARM
		{D608DE7E-95A0-4866-B701-105DA71F7115}.Ad-Hoc|iPhoneSimulator.Build.0 = Debug|ARM
		{D608DE7E-95A0-4866-B701-105DA71F7115}.Ad-Hoc|iPhoneSimulator.Deploy.0 = Debug|ARM
		{D608DE7E-95A0-4866-B701-105DA71F7115}.Ad-Hoc|x64.ActiveCfg = Debug|x64
		{D608DE7E-95A0-4866-B701-105DA71F7115}.Ad-Hoc|x64.Build.0 = Debug|x64
		{D608DE7E-95A0-4866-B701-105DA71F7115}.Ad-Hoc|x64.Deploy.0 = Debug|x64
		{D608DE7E-95A0-4866-B701-105DA71F7115}.Ad-Hoc|x86.ActiveCfg = Debug|x86
		{D608DE7E-95A0-4866-B701-105DA71F7115}.Ad-Hoc|x86.Build.0 = Debug|x86
		{D608DE7E-95A0-4866-B701-105DA71F7115}.Ad-Hoc|x86.Deploy.0 = Debug|x86
		{D608DE7E-95A0-4866-B701-105DA71F7115}.AppStore|Any CPU.ActiveCfg = Debug|ARM
		{D608DE7E-95A0-4866-B701-105DA71F7115}.AppStore|Any CPU.Build.0 = Debug|ARM
		{D608DE7E-95A0-4866-B701-105DA71F7115}.AppStore|Any CPU.Deploy.0 = Debug|ARM
		{D608DE7E-95A0-4866-B701-105DA71F7115}.AppStore|ARM.ActiveCfg = Debug|ARM
		{D608DE7E-95A0-4866-B701-105DA71F7115}.AppStore|ARM.Build.0 = Debug|ARM
		{D608DE7E-95A0-4866-B701-105DA71F7115}.AppStore|ARM.Deploy.0 = Debug|ARM
		{D608DE7E-95A0-4866-B701-105DA71F7115}.AppStore|iPhone.ActiveCfg = Debug|ARM
		{D608DE7E-95A0-4866-B701-105DA71F7115}.AppStore|iPhone.Build.0 = Debug|ARM
		{D608DE7E-95A0-4866-B701-105DA71F7115}.AppStore|iPhone.Deploy.0 = Debug|ARM
		{D608DE7E-95A0-4866-B701-105DA71F7115}.AppStore|iPhoneSimulator.ActiveCfg = Debug|ARM
		{D608DE7E-95A0-4866-B701-105DA71F7115}.AppStore|iPhoneSimulator.Build.0 = Debug|ARM
		{D608DE7E-95A0-4866-B701-105DA71F7115}.AppStore|iPhoneSimulator.Deploy.0 = Debug|ARM
		{D608DE7E-95A0-4866-B701-105DA71F7115}.AppStore|x64.ActiveCfg = Debug|x64
		{D608DE7E-95A0-4866-B701-105DA71F7115}.AppStore|x64.Build.0 = Debug|x64
		{D608DE7E-95A0-4866-B701-105DA71F7115}.AppStore|x64.Deploy.0 = Debug|x64
		{D608DE7E-95A0-4866-B701-105DA71F7115}.AppStore|x86.ActiveCfg = Debug|x86
		{D608DE7E-95A0-4866-B701-105DA71F7115}.AppStore|x86.Build.0 = Debug|x86
		{D608DE7E-95A0-4866-B701-105DA71F7115}.AppStore|x86.Deploy.0 = Debug|x86
		{D608DE7E-95A0-4866-B701-105DA71F7115}.Debug|Any CPU.ActiveCfg = Debug|x86
		{D608DE7E-95A0-4866-B701-105DA71F7115}.Debug|ARM.ActiveCfg = Debug|ARM
		{D608DE7E-95A0-4866-B701-105DA71F7115}.Debug|ARM.Build.0 = Debug|ARM
		{D608DE7E-95A0-4866-B701-105DA71F7115}.Debug|ARM.Deploy.0 = Debug|ARM
		{D608DE7E-95A0-4866-B701-105DA71F7115}.Debug|iPhone.ActiveCfg = Debug|x86
		{D608DE7E-95A0-4866-B701-105DA71F7115}.Debug|iPhoneSimulator.ActiveCfg = Debug|x86
		{D608DE7E-95A0-4866-B701-105DA71F7115}.Debug|x64.ActiveCfg = Debug|x64
		{D608DE7E-95A0-4866-B701-105DA71F7115}.Debug|x64.Build.0 = Debug|x64
		{D608DE7E-95A0-4866-B701-105DA71F7115}.Debug|x64.Deploy.0 = Debug|x64
		{D608DE7E-95A0-4866-B701-105DA71F7115}.Debug|x86.ActiveCfg = Debug|x86
		{D608DE7E-95A0-4866-B701-105DA71F7115}.Debug|x86.Build.0 = Debug|x86
		{D608DE7E-95A0-4866-B701-105DA71F7115}.Debug|x86.Deploy.0 = Debug|x86
		{D608DE7E-95A0-4866-B701-105DA71F7115}.Release|Any CPU.ActiveCfg = Release|x86
		{D608DE7E-95A0-4866-B701-105DA71F7115}.Release|ARM.ActiveCfg = Release|ARM
		{D608DE7E-95A0-4866-B701-105DA71F7115}.Release|ARM.Build.0 = Release|ARM
		{D608DE7E-95A0-4866-B701-105DA71F7115}.Release|ARM.Deploy.0 = Release|ARM
		{D608DE7E-95A0-4866-B701-105DA71F7115}.Release|iPhone.ActiveCfg = Release|x86
		{D608DE7E-95A0-4866-B701-105DA71F7115}.Release|iPhoneSimulator.ActiveCfg = Release|x86
		{D608DE7E-95A0-4866-B701-105DA71F7115}.Release|x64.ActiveCfg = Release|x64
		{D608DE7E-95A0-4866-B701-105DA71F7115}.Release|x64.Build.0 = Release|x64
		{D608DE7E-95A0-4866-B701-105DA71F7115}.Release|x64.Deploy.0 = Release|x64
		{D608DE7E-95A0-4866-B701-105DA71F7115}.Release|x86.ActiveCfg = Release|x86
		{D608DE7E-95A0-4866-B701-105DA71F7115}.Release|x86.Build.0 = Release|x86
		{D608DE7E-95A0-4866-B701-105DA71F7115}.Release|x86.Deploy.0 = Release|x86
	EndGlobalSection
	GlobalSection(SolutionProperties) = preSolution
		HideSolutionNode = FALSE
	EndGlobalSection
	GlobalSection(ExtensibilityGlobals) = postSolution
		SolutionGuid = {3AF08184-B33D-4DB8-9282-A884C8BAD539}
	EndGlobalSection
EndGlobal
